
Microsoft Visual Studio Solution File, Format Version 12.00
# Visual Studio 15
VisualStudioVersion = 15.0.28010.2048
MinimumVisualStudioVersion = 10.0.40219.1
Project("{FAE04EC0-301F-11D3-BF4B-00C04F79EFBC}") = "ex 1", "ex 1\ex 1.csproj", "{B9A0FDD2-5CA1-406F-8798-293279B2666B}"
EndProject
Global
	GlobalSection(SolutionConfigurationPlatforms) = preSolution
		Debug|Any CPU = Debug|Any CPU
		Release|Any CPU = Release|Any CPU
	EndGlobalSection
	GlobalSection(ProjectConfigurationPlatforms) = postSolution
		{B9A0FDD2-5CA1-406F-8798-293279B2666B}.Debug|Any CPU.ActiveCfg = Debug|Any CPU
		{B9A0FDD2-5CA1-406F-8798-293279B2666B}.Debug|Any CPU.Build.0 = Debug|Any CPU
		{B9A0FDD2-5CA1-406F-8798-293279B2666B}.Release|Any CPU.ActiveCfg = Release|Any CPU
		{B9A0FDD2-5CA1-406F-8798-293279B2666B}.Release|Any CPU.Build.0 = Release|Any CPU
	EndGlobalSection
	GlobalSection(SolutionProperties) = preSolution
		HideSolutionNode = FALSE
	EndGlobalSection
	GlobalSection(ExtensibilityGlobals) = postSolution
		SolutionGuid = {33C1D2E5-5760-4288-9D5E-B2BFB4DF8AE8}
	EndGlobalSection
EndGlobal
